
Microsoft Visual Studio Solution File, Format Version 12.00
# Visual Studio 2012
Project("{FAE04EC0-301F-11D3-BF4B-00C04F79EFBC}") = "Shuttle.Recall", "Shuttle.Recall\Shuttle.Recall.csproj", "{AC1E802C-6617-42C4-ACAA-94A8B208A93B}"
EndProject
Project("{2150E333-8FDC-42A3-9474-1A3956D46DE8}") = ".nuget", ".nuget", "{C6B346C2-F528-4CC6-838B-0824C5C750A6}"
	ProjectSection(SolutionItems) = preProject
		.nuget\NuGet.Config = .nuget\NuGet.Config
	EndProjectSection
EndProject
Project("{FAE04EC0-301F-11D3-BF4B-00C04F79EFBC}") = "Shuttle.Recall.Tests", "Shuttle.Recall.Tests\Shuttle.Recall.Tests.csproj", "{ECBBDB97-F4AD-440A-9EDA-D61EE70AACDF}"
EndProject
Project("{2150E333-8FDC-42A3-9474-1A3956D46DE8}") = ".build", ".build", "{9F795B07-9679-4F50-91E2-75008F123C4F}"
	ProjectSection(SolutionItems) = preProject
		.build\package.msbuild = .build\package.msbuild
		.build\package.nuspec = .build\package.nuspec
		.build\Shuttle.Core.MSBuild.dll = .build\Shuttle.Core.MSBuild.dll
		.build\Shuttle.Core.MSBuild.targets = .build\Shuttle.Core.MSBuild.targets
	EndProjectSection
EndProject
Project("{2150E333-8FDC-42A3-9474-1A3956D46DE8}") = "Solution Items", "Solution Items", "{08A6C6E5-BA42-4AF4-BBDA-E4F68916743E}"
	ProjectSection(SolutionItems) = preProject
		LICENSE = LICENSE
		README.md = README.md
	EndProjectSection
EndProject
Global
	GlobalSection(SolutionConfigurationPlatforms) = preSolution
		Debug|Any CPU = Debug|Any CPU
		Release|Any CPU = Release|Any CPU
	EndGlobalSection
	GlobalSection(ProjectConfigurationPlatforms) = postSolution
		{AC1E802C-6617-42C4-ACAA-94A8B208A93B}.Debug|Any CPU.ActiveCfg = Debug|Any CPU
		{AC1E802C-6617-42C4-ACAA-94A8B208A93B}.Debug|Any CPU.Build.0 = Debug|Any CPU
		{AC1E802C-6617-42C4-ACAA-94A8B208A93B}.Release|Any CPU.ActiveCfg = Release|Any CPU
		{AC1E802C-6617-42C4-ACAA-94A8B208A93B}.Release|Any CPU.Build.0 = Release|Any CPU
		{ECBBDB97-F4AD-440A-9EDA-D61EE70AACDF}.Debug|Any CPU.ActiveCfg = Debug|Any CPU
		{ECBBDB97-F4AD-440A-9EDA-D61EE70AACDF}.Debug|Any CPU.Build.0 = Debug|Any CPU
		{ECBBDB97-F4AD-440A-9EDA-D61EE70AACDF}.Release|Any CPU.ActiveCfg = Release|Any CPU
		{ECBBDB97-F4AD-440A-9EDA-D61EE70AACDF}.Release|Any CPU.Build.0 = Release|Any CPU
	EndGlobalSection
	GlobalSection(SolutionProperties) = preSolution
		HideSolutionNode = FALSE
	EndGlobalSection
EndGlobal

