
Microsoft Visual Studio Solution File, Format Version 12.00
# Visual Studio 15
VisualStudioVersion = 15.0.27130.2020
MinimumVisualStudioVersion = 10.0.40219.1
Project("{FAE04EC0-301F-11D3-BF4B-00C04F79EFBC}") = "Shuttle.Recall", "Shuttle.Recall\Shuttle.Recall.csproj", "{2FFBDEC5-EC6E-4EE3-9046-F757C8044BBA}"
EndProject
Project("{FAE04EC0-301F-11D3-BF4B-00C04F79EFBC}") = "Shuttle.Recall.Tests", "Shuttle.Recall.Tests\Shuttle.Recall.Tests.csproj", "{4C228AFF-FF77-4AED-8E78-7A3ACEC06317}"
EndProject
Global
	GlobalSection(SolutionConfigurationPlatforms) = preSolution
		Debug|Any CPU = Debug|Any CPU
		Release|Any CPU = Release|Any CPU
	EndGlobalSection
	GlobalSection(ProjectConfigurationPlatforms) = postSolution
		{2FFBDEC5-EC6E-4EE3-9046-F757C8044BBA}.Debug|Any CPU.ActiveCfg = Debug|Any CPU
		{2FFBDEC5-EC6E-4EE3-9046-F757C8044BBA}.Debug|Any CPU.Build.0 = Debug|Any CPU
		{2FFBDEC5-EC6E-4EE3-9046-F757C8044BBA}.Release|Any CPU.ActiveCfg = Release|Any CPU
		{2FFBDEC5-EC6E-4EE3-9046-F757C8044BBA}.Release|Any CPU.Build.0 = Release|Any CPU
		{4C228AFF-FF77-4AED-8E78-7A3ACEC06317}.Debug|Any CPU.ActiveCfg = Debug|Any CPU
		{4C228AFF-FF77-4AED-8E78-7A3ACEC06317}.Debug|Any CPU.Build.0 = Debug|Any CPU
		{4C228AFF-FF77-4AED-8E78-7A3ACEC06317}.Release|Any CPU.ActiveCfg = Release|Any CPU
		{4C228AFF-FF77-4AED-8E78-7A3ACEC06317}.Release|Any CPU.Build.0 = Release|Any CPU
	EndGlobalSection
	GlobalSection(SolutionProperties) = preSolution
		HideSolutionNode = FALSE
	EndGlobalSection
	GlobalSection(ExtensibilityGlobals) = postSolution
		SolutionGuid = {465CBFD0-3055-4240-A455-E369F16B5D38}
	EndGlobalSection
EndGlobal
